
Microsoft Visual Studio Solution File, Format Version 12.00
# Visual Studio 2013
VisualStudioVersion = 12.0.30501.0
MinimumVisualStudioVersion = 10.0.40219.1
Project("{FAE04EC0-301F-11D3-BF4B-00C04F79EFBC}") = "GloboMart.UI", "..\UI\GloboMart.UI\GloboMart.UI.csproj", "{7F8CC8FB-9A91-4A17-9420-2D3EB198DED6}"
EndProject
Project("{2150E333-8FDC-42A3-9474-1A3956D46DE8}") = "Data", "Data", "{20509C2F-F7B8-44C6-B0F9-D6D612AD82E1}"
EndProject
Project("{2150E333-8FDC-42A3-9474-1A3956D46DE8}") = "Business", "Business", "{ADB4A195-78CF-45AE-8F1A-B102C37100CE}"
EndProject
Project("{FAE04EC0-301F-11D3-BF4B-00C04F79EFBC}") = "GloboMart.Business", "..\Shared\Business\BusinessLayer\GloboMart.Business.csproj", "{FD6DC9C3-DF98-41D3-BD91-20F3C979D020}"
EndProject
Project("{FAE04EC0-301F-11D3-BF4B-00C04F79EFBC}") = "GloboMart.Data", "..\Shared\Data\Data\GloboMart.Data.csproj", "{69D0557E-D4AC-4772-9C0B-22592B59C7A2}"
EndProject
Project("{2150E333-8FDC-42A3-9474-1A3956D46DE8}") = "Services", "Services", "{3B8437F9-96AA-4701-82C8-83276083562A}"
EndProject
Project("{FAE04EC0-301F-11D3-BF4B-00C04F79EFBC}") = "GloboMart.Service.Product", "..\Services\GloboMart.Service.Product\GloboMart.Service.Product.csproj", "{19040DE4-C1F9-497E-BB6E-E6D76BBD69BF}"
EndProject
Project("{2150E333-8FDC-42A3-9474-1A3956D46DE8}") = "Tests", "Tests", "{21629F1D-01B6-4D1F-9ADB-8CFDE44ADA82}"
EndProject
Project("{FAE04EC0-301F-11D3-BF4B-00C04F79EFBC}") = "GloboMart.Service.Order", "..\Services\GloboMart.Service.Order\GloboMart.Service.Order.csproj", "{E09133DA-D2B9-4E02-82EA-6356238B8CDB}"
EndProject
Project("{FAE04EC0-301F-11D3-BF4B-00C04F79EFBC}") = "GloboMart.Service.Order.Tests", "..\Tests\GloboMart.Service.Order.Tests\GloboMart.Service.Order.Tests.csproj", "{EB5CDA06-E872-46F9-83FD-A59169541FEA}"
EndProject
Project("{FAE04EC0-301F-11D3-BF4B-00C04F79EFBC}") = "GloboMart.Service.Product.Tests", "..\Tests\GloboMart.Service.Product.Tests\GloboMart.Service.Product.Tests.csproj", "{4EDDDB7A-C271-4636-9B27-7A29887F38E8}"
EndProject
Project("{2150E333-8FDC-42A3-9474-1A3956D46DE8}") = "Framwork", "Framwork", "{22F87B65-74EF-4324-9C86-C8EBDC46AD72}"
EndProject
Project("{FAE04EC0-301F-11D3-BF4B-00C04F79EFBC}") = "GloboMart.Framwork.Entity", "..\Shared\GloboMart.Framwork.Entity\GloboMart.Framwork.Entity.csproj", "{20BB291E-A0C8-4701-B3A8-F73BA684D8FB}"
EndProject
Project("{FAE04EC0-301F-11D3-BF4B-00C04F79EFBC}") = "GloboMart.Framwork.Container", "..\Shared\GloboMart.Framwork.Container\GloboMart.Framwork.Container.csproj", "{4B450BB0-9595-41C7-BA33-C2477259D86D}"
EndProject
Project("{FAE04EC0-301F-11D3-BF4B-00C04F79EFBC}") = "GloboMart.Framwork.Interface", "..\Shared\GloboMart.Framwork.Interface\GloboMart.Framwork.Interface.csproj", "{1D78EFB6-2228-4403-AD2A-DBE37403F701}"
EndProject
Global
	GlobalSection(SolutionConfigurationPlatforms) = preSolution
		Debug|Any CPU = Debug|Any CPU
		Release|Any CPU = Release|Any CPU
	EndGlobalSection
	GlobalSection(ProjectConfigurationPlatforms) = postSolution
		{7F8CC8FB-9A91-4A17-9420-2D3EB198DED6}.Debug|Any CPU.ActiveCfg = Debug|Any CPU
		{7F8CC8FB-9A91-4A17-9420-2D3EB198DED6}.Debug|Any CPU.Build.0 = Debug|Any CPU
		{7F8CC8FB-9A91-4A17-9420-2D3EB198DED6}.Release|Any CPU.ActiveCfg = Release|Any CPU
		{7F8CC8FB-9A91-4A17-9420-2D3EB198DED6}.Release|Any CPU.Build.0 = Release|Any CPU
		{FD6DC9C3-DF98-41D3-BD91-20F3C979D020}.Debug|Any CPU.ActiveCfg = Debug|Any CPU
		{FD6DC9C3-DF98-41D3-BD91-20F3C979D020}.Debug|Any CPU.Build.0 = Debug|Any CPU
		{FD6DC9C3-DF98-41D3-BD91-20F3C979D020}.Release|Any CPU.ActiveCfg = Release|Any CPU
		{FD6DC9C3-DF98-41D3-BD91-20F3C979D020}.Release|Any CPU.Build.0 = Release|Any CPU
		{69D0557E-D4AC-4772-9C0B-22592B59C7A2}.Debug|Any CPU.ActiveCfg = Debug|Any CPU
		{69D0557E-D4AC-4772-9C0B-22592B59C7A2}.Debug|Any CPU.Build.0 = Debug|Any CPU
		{69D0557E-D4AC-4772-9C0B-22592B59C7A2}.Release|Any CPU.ActiveCfg = Release|Any CPU
		{69D0557E-D4AC-4772-9C0B-22592B59C7A2}.Release|Any CPU.Build.0 = Release|Any CPU
		{19040DE4-C1F9-497E-BB6E-E6D76BBD69BF}.Debug|Any CPU.ActiveCfg = Debug|Any CPU
		{19040DE4-C1F9-497E-BB6E-E6D76BBD69BF}.Debug|Any CPU.Build.0 = Debug|Any CPU
		{19040DE4-C1F9-497E-BB6E-E6D76BBD69BF}.Release|Any CPU.ActiveCfg = Release|Any CPU
		{19040DE4-C1F9-497E-BB6E-E6D76BBD69BF}.Release|Any CPU.Build.0 = Release|Any CPU
		{E09133DA-D2B9-4E02-82EA-6356238B8CDB}.Debug|Any CPU.ActiveCfg = Debug|Any CPU
		{E09133DA-D2B9-4E02-82EA-6356238B8CDB}.Debug|Any CPU.Build.0 = Debug|Any CPU
		{E09133DA-D2B9-4E02-82EA-6356238B8CDB}.Release|Any CPU.ActiveCfg = Release|Any CPU
		{E09133DA-D2B9-4E02-82EA-6356238B8CDB}.Release|Any CPU.Build.0 = Release|Any CPU
		{EB5CDA06-E872-46F9-83FD-A59169541FEA}.Debug|Any CPU.ActiveCfg = Debug|Any CPU
		{EB5CDA06-E872-46F9-83FD-A59169541FEA}.Debug|Any CPU.Build.0 = Debug|Any CPU
		{EB5CDA06-E872-46F9-83FD-A59169541FEA}.Release|Any CPU.ActiveCfg = Release|Any CPU
		{EB5CDA06-E872-46F9-83FD-A59169541FEA}.Release|Any CPU.Build.0 = Release|Any CPU
		{4EDDDB7A-C271-4636-9B27-7A29887F38E8}.Debug|Any CPU.ActiveCfg = Debug|Any CPU
		{4EDDDB7A-C271-4636-9B27-7A29887F38E8}.Debug|Any CPU.Build.0 = Debug|Any CPU
		{4EDDDB7A-C271-4636-9B27-7A29887F38E8}.Release|Any CPU.ActiveCfg = Release|Any CPU
		{4EDDDB7A-C271-4636-9B27-7A29887F38E8}.Release|Any CPU.Build.0 = Release|Any CPU
		{20BB291E-A0C8-4701-B3A8-F73BA684D8FB}.Debug|Any CPU.ActiveCfg = Debug|Any CPU
		{20BB291E-A0C8-4701-B3A8-F73BA684D8FB}.Debug|Any CPU.Build.0 = Debug|Any CPU
		{20BB291E-A0C8-4701-B3A8-F73BA684D8FB}.Release|Any CPU.ActiveCfg = Release|Any CPU
		{20BB291E-A0C8-4701-B3A8-F73BA684D8FB}.Release|Any CPU.Build.0 = Release|Any CPU
		{4B450BB0-9595-41C7-BA33-C2477259D86D}.Debug|Any CPU.ActiveCfg = Debug|Any CPU
		{4B450BB0-9595-41C7-BA33-C2477259D86D}.Debug|Any CPU.Build.0 = Debug|Any CPU
		{4B450BB0-9595-41C7-BA33-C2477259D86D}.Release|Any CPU.ActiveCfg = Release|Any CPU
		{4B450BB0-9595-41C7-BA33-C2477259D86D}.Release|Any CPU.Build.0 = Release|Any CPU
		{1D78EFB6-2228-4403-AD2A-DBE37403F701}.Debug|Any CPU.ActiveCfg = Debug|Any CPU
		{1D78EFB6-2228-4403-AD2A-DBE37403F701}.Debug|Any CPU.Build.0 = Debug|Any CPU
		{1D78EFB6-2228-4403-AD2A-DBE37403F701}.Release|Any CPU.ActiveCfg = Release|Any CPU
		{1D78EFB6-2228-4403-AD2A-DBE37403F701}.Release|Any CPU.Build.0 = Release|Any CPU
	EndGlobalSection
	GlobalSection(SolutionProperties) = preSolution
		HideSolutionNode = FALSE
	EndGlobalSection
	GlobalSection(NestedProjects) = preSolution
		{FD6DC9C3-DF98-41D3-BD91-20F3C979D020} = {ADB4A195-78CF-45AE-8F1A-B102C37100CE}
		{69D0557E-D4AC-4772-9C0B-22592B59C7A2} = {20509C2F-F7B8-44C6-B0F9-D6D612AD82E1}
		{19040DE4-C1F9-497E-BB6E-E6D76BBD69BF} = {3B8437F9-96AA-4701-82C8-83276083562A}
		{21629F1D-01B6-4D1F-9ADB-8CFDE44ADA82} = {3B8437F9-96AA-4701-82C8-83276083562A}
		{E09133DA-D2B9-4E02-82EA-6356238B8CDB} = {3B8437F9-96AA-4701-82C8-83276083562A}
		{EB5CDA06-E872-46F9-83FD-A59169541FEA} = {21629F1D-01B6-4D1F-9ADB-8CFDE44ADA82}
		{4EDDDB7A-C271-4636-9B27-7A29887F38E8} = {21629F1D-01B6-4D1F-9ADB-8CFDE44ADA82}
		{20BB291E-A0C8-4701-B3A8-F73BA684D8FB} = {22F87B65-74EF-4324-9C86-C8EBDC46AD72}
		{4B450BB0-9595-41C7-BA33-C2477259D86D} = {22F87B65-74EF-4324-9C86-C8EBDC46AD72}
		{1D78EFB6-2228-4403-AD2A-DBE37403F701} = {22F87B65-74EF-4324-9C86-C8EBDC46AD72}
	EndGlobalSection
EndGlobal
